{
  "name": "tna-frontend-django",
  "lockfileVersion": 2,
  "requires": true,
  "packages": {
    "": {
      "dependencies": {
        "@nationalarchives/frontend": "^0.1.5-prerelease"
      }
    },
    "node_modules/@nationalarchives/frontend": {
      "version": "0.1.5-prerelease",
      "resolved": "https://registry.npmjs.org/@nationalarchives/frontend/-/frontend-0.1.5-prerelease.tgz",
      "integrity": "sha512-U7h21KiP8SRLAY/eXSRFgzoxg7kcd05CMiXaurCkDDgAof6sPUmRdIIelvKI/E5yU0NWpZj8xGBxF3A/r4rKSA==",
      "engines": {
        "node": "18.x",
        "npm": "8.x"
      }
    }
  },
  "dependencies": {
    "@nationalarchives/frontend": {
      "version": "0.1.5-prerelease",
      "resolved": "https://registry.npmjs.org/@nationalarchives/frontend/-/frontend-0.1.5-prerelease.tgz",
      "integrity": "sha512-U7h21KiP8SRLAY/eXSRFgzoxg7kcd05CMiXaurCkDDgAof6sPUmRdIIelvKI/E5yU0NWpZj8xGBxF3A/r4rKSA=="
    }
  }
}
