{
  "name": "tna-frontend-django",
  "lockfileVersion": 2,
  "requires": true,
  "packages": {
    "": {
      "dependencies": {
        "@nationalarchives/frontend": "0.1.23-prerelease"
      }
    },
    "node_modules/@nationalarchives/frontend": {
      "version": "0.1.23-prerelease",
      "resolved": "https://registry.npmjs.org/@nationalarchives/frontend/-/frontend-0.1.23-prerelease.tgz",
      "integrity": "sha512-acThGLqcsVsYq2aDIYTbwR/JUGE0wGq2gPOBKriOgrXHE9gHFqjlx++fJBLsmH5hdVdlx7vPEp/Nnl8lpdglQQ==",
      "engines": {
        "node": "18.x",
        "npm": "9.x"
      }
    }
  },
  "dependencies": {
    "@nationalarchives/frontend": {
      "version": "0.1.23-prerelease",
      "resolved": "https://registry.npmjs.org/@nationalarchives/frontend/-/frontend-0.1.23-prerelease.tgz",
      "integrity": "sha512-acThGLqcsVsYq2aDIYTbwR/JUGE0wGq2gPOBKriOgrXHE9gHFqjlx++fJBLsmH5hdVdlx7vPEp/Nnl8lpdglQQ=="
    }
  }
}
