{
  "name": "tna-frontend-django",
  "lockfileVersion": 2,
  "requires": true,
  "packages": {
    "": {
      "dependencies": {
        "@nationalarchives/frontend": "0.1.12-prerelease"
      }
    },
    "node_modules/@nationalarchives/frontend": {
      "version": "0.1.12-prerelease",
      "resolved": "https://registry.npmjs.org/@nationalarchives/frontend/-/frontend-0.1.12-prerelease.tgz",
      "integrity": "sha512-lrYwdtGMKJbupvsPRW4ewEGWABehxh4135tDFZduC/jXnlh7bNt563KucjTB2ll3EfiqI2+WUvIHyviIP395SA==",
      "engines": {
        "node": "18.x",
        "npm": "9.x"
      }
    }
  },
  "dependencies": {
    "@nationalarchives/frontend": {
      "version": "0.1.12-prerelease",
      "resolved": "https://registry.npmjs.org/@nationalarchives/frontend/-/frontend-0.1.12-prerelease.tgz",
      "integrity": "sha512-lrYwdtGMKJbupvsPRW4ewEGWABehxh4135tDFZduC/jXnlh7bNt563KucjTB2ll3EfiqI2+WUvIHyviIP395SA=="
    }
  }
}
